
Microsoft Visual Studio Solution File, Format Version 12.00
# Visual Studio Version 16
VisualStudioVersion = 16.0.30128.74
MinimumVisualStudioVersion = 10.0.40219.1
Project("{FAE04EC0-301F-11D3-BF4B-00C04F79EFBC}") = "CalculadoraPintura", "CalculadoraPintura\CalculadoraPintura.csproj", "{2409E26D-9AB3-4E9D-AFB7-56D6A2BFBF98}"
EndProject
Global
	GlobalSection(SolutionConfigurationPlatforms) = preSolution
		Debug|Any CPU = Debug|Any CPU
		Release|Any CPU = Release|Any CPU
	EndGlobalSection
	GlobalSection(ProjectConfigurationPlatforms) = postSolution
		{2409E26D-9AB3-4E9D-AFB7-56D6A2BFBF98}.Debug|Any CPU.ActiveCfg = Debug|Any CPU
		{2409E26D-9AB3-4E9D-AFB7-56D6A2BFBF98}.Debug|Any CPU.Build.0 = Debug|Any CPU
		{2409E26D-9AB3-4E9D-AFB7-56D6A2BFBF98}.Release|Any CPU.ActiveCfg = Release|Any CPU
		{2409E26D-9AB3-4E9D-AFB7-56D6A2BFBF98}.Release|Any CPU.Build.0 = Release|Any CPU
	EndGlobalSection
	GlobalSection(SolutionProperties) = preSolution
		HideSolutionNode = FALSE
	EndGlobalSection
	GlobalSection(ExtensibilityGlobals) = postSolution
		SolutionGuid = {29E952ED-E942-4262-8168-80AE13298830}
	EndGlobalSection
EndGlobal
